
Microsoft Visual Studio Solution File, Format Version 12.00
# Visual Studio 2012
Project("{FAE04EC0-301F-11D3-BF4B-00C04F79EFBC}") = "MyBase", "MyBase\MyBase.csproj", "{F6875E9C-E122-407D-9941-F715F7410A6C}"
EndProject
Project("{00D1A9C2-B5F0-4AF3-8072-F6C62B433612}") = "MyBaseProjDB", "MyBaseProjDB\MyBaseProjDB.sqlproj", "{E20E7CC1-D2E0-41BF-81AF-AAF22F5261A0}"
EndProject
Project("{FAE04EC0-301F-11D3-BF4B-00C04F79EFBC}") = "MyBase.Domain.Core", "MyBase.Domain.Core\MyBase.Domain.Core.csproj", "{8225DF0F-1BF4-4063-A189-2F60252FACB2}"
EndProject
Project("{FAE04EC0-301F-11D3-BF4B-00C04F79EFBC}") = "MyBase.Domain.Interface", "MyBase.Domain.Interface\MyBase.Domain.Interface.csproj", "{14F64582-C12B-4596-9B22-D5511ECBB7F9}"
EndProject
Project("{2150E333-8FDC-42A3-9474-1A3956D46DE8}") = "Domain", "Domain", "{56940579-B5D8-4EA0-8DB3-0411349054BC}"
EndProject
Project("{2150E333-8FDC-42A3-9474-1A3956D46DE8}") = "Infrastructure", "Infrastructure", "{5CA0E2FD-D976-468A-AB8D-5F7303754529}"
EndProject
Project("{FAE04EC0-301F-11D3-BF4B-00C04F79EFBC}") = "MyBase.Infrastructure.Core", "MyBase.Infrastructure.Core\MyBase.Infrastructure.Core.csproj", "{5DDDC73E-C0C0-49D6-87E1-6B6C8EBC50E2}"
EndProject
Project("{FAE04EC0-301F-11D3-BF4B-00C04F79EFBC}") = "MyBase.Infrastructure.Data", "MyBase.Infrastructure.Data\MyBase.Infrastructure.Data.csproj", "{2C976D5E-4691-4E88-AED6-38DD5C641945}"
EndProject
Project("{FAE04EC0-301F-11D3-BF4B-00C04F79EFBC}") = "MyBase.Infrastructure.DependencyResolution", "MyBase.Infrastructure.DependencyResolution\MyBase.Infrastructure.DependencyResolution.csproj", "{7584AD76-E218-4DC4-A7FF-944E53571158}"
EndProject
Project("{FAE04EC0-301F-11D3-BF4B-00C04F79EFBC}") = "MyBase.Infrastructure.Service", "MyBase.Infrastructure.Service\MyBase.Infrastructure.Service.csproj", "{DB7A4688-CF47-4E01-A9FE-61A802F2C47F}"
EndProject
Project("{2150E333-8FDC-42A3-9474-1A3956D46DE8}") = "Database", "Database", "{566326E1-D20E-4780-823A-BEADA7A8DE10}"
EndProject
Global
	GlobalSection(SolutionConfigurationPlatforms) = preSolution
		Debug|Any CPU = Debug|Any CPU
		Release|Any CPU = Release|Any CPU
	EndGlobalSection
	GlobalSection(ProjectConfigurationPlatforms) = postSolution
		{F6875E9C-E122-407D-9941-F715F7410A6C}.Debug|Any CPU.ActiveCfg = Debug|Any CPU
		{F6875E9C-E122-407D-9941-F715F7410A6C}.Debug|Any CPU.Build.0 = Debug|Any CPU
		{F6875E9C-E122-407D-9941-F715F7410A6C}.Release|Any CPU.ActiveCfg = Release|Any CPU
		{F6875E9C-E122-407D-9941-F715F7410A6C}.Release|Any CPU.Build.0 = Release|Any CPU
		{E20E7CC1-D2E0-41BF-81AF-AAF22F5261A0}.Debug|Any CPU.ActiveCfg = Debug|Any CPU
		{E20E7CC1-D2E0-41BF-81AF-AAF22F5261A0}.Debug|Any CPU.Build.0 = Debug|Any CPU
		{E20E7CC1-D2E0-41BF-81AF-AAF22F5261A0}.Debug|Any CPU.Deploy.0 = Debug|Any CPU
		{E20E7CC1-D2E0-41BF-81AF-AAF22F5261A0}.Release|Any CPU.ActiveCfg = Release|Any CPU
		{E20E7CC1-D2E0-41BF-81AF-AAF22F5261A0}.Release|Any CPU.Build.0 = Release|Any CPU
		{E20E7CC1-D2E0-41BF-81AF-AAF22F5261A0}.Release|Any CPU.Deploy.0 = Release|Any CPU
		{8225DF0F-1BF4-4063-A189-2F60252FACB2}.Debug|Any CPU.ActiveCfg = Debug|Any CPU
		{8225DF0F-1BF4-4063-A189-2F60252FACB2}.Debug|Any CPU.Build.0 = Debug|Any CPU
		{8225DF0F-1BF4-4063-A189-2F60252FACB2}.Release|Any CPU.ActiveCfg = Release|Any CPU
		{8225DF0F-1BF4-4063-A189-2F60252FACB2}.Release|Any CPU.Build.0 = Release|Any CPU
		{14F64582-C12B-4596-9B22-D5511ECBB7F9}.Debug|Any CPU.ActiveCfg = Debug|Any CPU
		{14F64582-C12B-4596-9B22-D5511ECBB7F9}.Debug|Any CPU.Build.0 = Debug|Any CPU
		{14F64582-C12B-4596-9B22-D5511ECBB7F9}.Release|Any CPU.ActiveCfg = Release|Any CPU
		{14F64582-C12B-4596-9B22-D5511ECBB7F9}.Release|Any CPU.Build.0 = Release|Any CPU
		{5DDDC73E-C0C0-49D6-87E1-6B6C8EBC50E2}.Debug|Any CPU.ActiveCfg = Debug|Any CPU
		{5DDDC73E-C0C0-49D6-87E1-6B6C8EBC50E2}.Debug|Any CPU.Build.0 = Debug|Any CPU
		{5DDDC73E-C0C0-49D6-87E1-6B6C8EBC50E2}.Release|Any CPU.ActiveCfg = Release|Any CPU
		{5DDDC73E-C0C0-49D6-87E1-6B6C8EBC50E2}.Release|Any CPU.Build.0 = Release|Any CPU
		{2C976D5E-4691-4E88-AED6-38DD5C641945}.Debug|Any CPU.ActiveCfg = Debug|Any CPU
		{2C976D5E-4691-4E88-AED6-38DD5C641945}.Debug|Any CPU.Build.0 = Debug|Any CPU
		{2C976D5E-4691-4E88-AED6-38DD5C641945}.Release|Any CPU.ActiveCfg = Release|Any CPU
		{2C976D5E-4691-4E88-AED6-38DD5C641945}.Release|Any CPU.Build.0 = Release|Any CPU
		{7584AD76-E218-4DC4-A7FF-944E53571158}.Debug|Any CPU.ActiveCfg = Debug|Any CPU
		{7584AD76-E218-4DC4-A7FF-944E53571158}.Debug|Any CPU.Build.0 = Debug|Any CPU
		{7584AD76-E218-4DC4-A7FF-944E53571158}.Release|Any CPU.ActiveCfg = Release|Any CPU
		{7584AD76-E218-4DC4-A7FF-944E53571158}.Release|Any CPU.Build.0 = Release|Any CPU
		{DB7A4688-CF47-4E01-A9FE-61A802F2C47F}.Debug|Any CPU.ActiveCfg = Debug|Any CPU
		{DB7A4688-CF47-4E01-A9FE-61A802F2C47F}.Debug|Any CPU.Build.0 = Debug|Any CPU
		{DB7A4688-CF47-4E01-A9FE-61A802F2C47F}.Release|Any CPU.ActiveCfg = Release|Any CPU
		{DB7A4688-CF47-4E01-A9FE-61A802F2C47F}.Release|Any CPU.Build.0 = Release|Any CPU
	EndGlobalSection
	GlobalSection(SolutionProperties) = preSolution
		HideSolutionNode = FALSE
	EndGlobalSection
	GlobalSection(NestedProjects) = preSolution
		{14F64582-C12B-4596-9B22-D5511ECBB7F9} = {56940579-B5D8-4EA0-8DB3-0411349054BC}
		{8225DF0F-1BF4-4063-A189-2F60252FACB2} = {56940579-B5D8-4EA0-8DB3-0411349054BC}
		{5DDDC73E-C0C0-49D6-87E1-6B6C8EBC50E2} = {5CA0E2FD-D976-468A-AB8D-5F7303754529}
		{2C976D5E-4691-4E88-AED6-38DD5C641945} = {5CA0E2FD-D976-468A-AB8D-5F7303754529}
		{7584AD76-E218-4DC4-A7FF-944E53571158} = {5CA0E2FD-D976-468A-AB8D-5F7303754529}
		{DB7A4688-CF47-4E01-A9FE-61A802F2C47F} = {5CA0E2FD-D976-468A-AB8D-5F7303754529}
		{E20E7CC1-D2E0-41BF-81AF-AAF22F5261A0} = {566326E1-D20E-4780-823A-BEADA7A8DE10}
	EndGlobalSection
EndGlobal
